
Microsoft Visual Studio Solution File, Format Version 12.00
# Visual Studio Version 17
VisualStudioVersion = 17.5.002.0
MinimumVisualStudioVersion = 10.0.40219.1
Project("{9A19103F-16F7-4668-BE54-9A1E7A4F7556}") = "Produto C#", "Produto C#.csproj", "{C90C6FFA-94AE-4026-9A16-59B25512839F}"
EndProject
Global
	GlobalSection(SolutionConfigurationPlatforms) = preSolution
		Debug|Any CPU = Debug|Any CPU
		Release|Any CPU = Release|Any CPU
	EndGlobalSection
	GlobalSection(ProjectConfigurationPlatforms) = postSolution
		{C90C6FFA-94AE-4026-9A16-59B25512839F}.Debug|Any CPU.ActiveCfg = Debug|Any CPU
		{C90C6FFA-94AE-4026-9A16-59B25512839F}.Debug|Any CPU.Build.0 = Debug|Any CPU
		{C90C6FFA-94AE-4026-9A16-59B25512839F}.Release|Any CPU.ActiveCfg = Release|Any CPU
		{C90C6FFA-94AE-4026-9A16-59B25512839F}.Release|Any CPU.Build.0 = Release|Any CPU
	EndGlobalSection
	GlobalSection(SolutionProperties) = preSolution
		HideSolutionNode = FALSE
	EndGlobalSection
	GlobalSection(ExtensibilityGlobals) = postSolution
		SolutionGuid = {DED2F90E-D21B-42D2-AD85-5E750D10C1E9}
	EndGlobalSection
EndGlobal
